
Microsoft Visual Studio Solution File, Format Version 12.00
# Visual Studio 15
VisualStudioVersion = 15.0.28307.572
MinimumVisualStudioVersion = 10.0.40219.1
Project("{9A19103F-16F7-4668-BE54-9A1E7A4F7556}") = "Mutant.Hamburgueria.Web", "Mutant.Hamburgueria.Web\Mutant.Hamburgueria.Web.csproj", "{6F01E09B-C075-439E-A66B-DCFC0FF424B7}"
EndProject
Project("{9A19103F-16F7-4668-BE54-9A1E7A4F7556}") = "Mutant.Hamburgueria.Repository", "Mutant.Hamburgueria.Repository\Mutant.Hamburgueria.Repository.csproj", "{8AFFAC2C-80D6-4C9B-B1A6-71EB3686A5CF}"
EndProject
Project("{9A19103F-16F7-4668-BE54-9A1E7A4F7556}") = "Mutant.Hamburgueria.Model", "Mutant.Hamburgueria.Model\Mutant.Hamburgueria.Model.csproj", "{BB1D7B34-A714-4B8C-AA16-79B4D80CB25B}"
EndProject
Project("{9A19103F-16F7-4668-BE54-9A1E7A4F7556}") = "Mutant.Hamburgueria.Common", "Mutant.Hamburgueria.Common\Mutant.Hamburgueria.Common.csproj", "{FF068520-75DE-4AFB-8B59-21A87A3DE928}"
EndProject
Project("{FAE04EC0-301F-11D3-BF4B-00C04F79EFBC}") = "Mutant.Hamburgueria.Tests", "Mutant.Hamburgueria.Tests\Mutant.Hamburgueria.Tests.csproj", "{56B45757-D102-42BE-AA88-BBBE689D653B}"
EndProject
Global
	GlobalSection(SolutionConfigurationPlatforms) = preSolution
		Debug|Any CPU = Debug|Any CPU
		Release|Any CPU = Release|Any CPU
	EndGlobalSection
	GlobalSection(ProjectConfigurationPlatforms) = postSolution
		{6F01E09B-C075-439E-A66B-DCFC0FF424B7}.Debug|Any CPU.ActiveCfg = Debug|Any CPU
		{6F01E09B-C075-439E-A66B-DCFC0FF424B7}.Debug|Any CPU.Build.0 = Debug|Any CPU
		{6F01E09B-C075-439E-A66B-DCFC0FF424B7}.Release|Any CPU.ActiveCfg = Release|Any CPU
		{6F01E09B-C075-439E-A66B-DCFC0FF424B7}.Release|Any CPU.Build.0 = Release|Any CPU
		{8AFFAC2C-80D6-4C9B-B1A6-71EB3686A5CF}.Debug|Any CPU.ActiveCfg = Debug|Any CPU
		{8AFFAC2C-80D6-4C9B-B1A6-71EB3686A5CF}.Debug|Any CPU.Build.0 = Debug|Any CPU
		{8AFFAC2C-80D6-4C9B-B1A6-71EB3686A5CF}.Release|Any CPU.ActiveCfg = Release|Any CPU
		{8AFFAC2C-80D6-4C9B-B1A6-71EB3686A5CF}.Release|Any CPU.Build.0 = Release|Any CPU
		{BB1D7B34-A714-4B8C-AA16-79B4D80CB25B}.Debug|Any CPU.ActiveCfg = Debug|Any CPU
		{BB1D7B34-A714-4B8C-AA16-79B4D80CB25B}.Debug|Any CPU.Build.0 = Debug|Any CPU
		{BB1D7B34-A714-4B8C-AA16-79B4D80CB25B}.Release|Any CPU.ActiveCfg = Release|Any CPU
		{BB1D7B34-A714-4B8C-AA16-79B4D80CB25B}.Release|Any CPU.Build.0 = Release|Any CPU
		{FF068520-75DE-4AFB-8B59-21A87A3DE928}.Debug|Any CPU.ActiveCfg = Debug|Any CPU
		{FF068520-75DE-4AFB-8B59-21A87A3DE928}.Debug|Any CPU.Build.0 = Debug|Any CPU
		{FF068520-75DE-4AFB-8B59-21A87A3DE928}.Release|Any CPU.ActiveCfg = Release|Any CPU
		{FF068520-75DE-4AFB-8B59-21A87A3DE928}.Release|Any CPU.Build.0 = Release|Any CPU
		{56B45757-D102-42BE-AA88-BBBE689D653B}.Debug|Any CPU.ActiveCfg = Debug|Any CPU
		{56B45757-D102-42BE-AA88-BBBE689D653B}.Debug|Any CPU.Build.0 = Debug|Any CPU
		{56B45757-D102-42BE-AA88-BBBE689D653B}.Release|Any CPU.ActiveCfg = Release|Any CPU
		{56B45757-D102-42BE-AA88-BBBE689D653B}.Release|Any CPU.Build.0 = Release|Any CPU
	EndGlobalSection
	GlobalSection(SolutionProperties) = preSolution
		HideSolutionNode = FALSE
	EndGlobalSection
	GlobalSection(ExtensibilityGlobals) = postSolution
		SolutionGuid = {6E57024C-849E-4303-A4FE-AB9A59097F38}
	EndGlobalSection
EndGlobal
